// !$*UTF8*$!
{
	archiveVersion = 1;
	classes = {
	};
	objectVersion = 46;
	objects = {

/* Begin PBXBuildFile section */
		5E807C7E18F40E12006C04BB /* Foundation.framework in Frameworks */ = {isa = PBXBuildFile; fileRef = 5E807C7D18F40E12006C04BB /* Foundation.framework */; };
		5E807C8018F40E12006C04BB /* CoreGraphics.framework in Frameworks */ = {isa = PBXBuildFile; fileRef = 5E807C7F18F40E12006C04BB /* CoreGraphics.framework */; };
		5E807C8218F40E12006C04BB /* UIKit.framework in Frameworks */ = {isa = PBXBuildFile; fileRef = 5E807C8118F40E12006C04BB /* UIKit.framework */; };
		5E807C8818F40E12006C04BB /* InfoPlist.strings in Resources */ = {isa = PBXBuildFile; fileRef = 5E807C8618F40E12006C04BB /* InfoPlist.strings */; };
		5E807C8A18F40E12006C04BB /* main.m in Sources */ = {isa = PBXBuildFile; fileRef = 5E807C8918F40E12006C04BB /* main.m */; };
		5E807C8E18F40E12006C04BB /* AppDelegate.m in Sources */ = {isa = PBXBuildFile; fileRef = 5E807C8D18F40E12006C04BB /* AppDelegate.m */; };
		5E807C9118F40E12006C04BB /* Main.storyboard in Resources */ = {isa = PBXBuildFile; fileRef = 5E807C8F18F40E12006C04BB /* Main.storyboard */; };
		5E807C9418F40E12006C04BB /* FirstViewController.m in Sources */ = {isa = PBXBuildFile; fileRef = 5E807C9318F40E12006C04BB /* FirstViewController.m */; };
		5E807C9718F40E12006C04BB /* SecondViewController.m in Sources */ = {isa = PBXBuildFile; fileRef = 5E807C9618F40E12006C04BB /* SecondViewController.m */; };
		5E807C9918F40E12006C04BB /* Images.xcassets in Resources */ = {isa = PBXBuildFile; fileRef = 5E807C9818F40E12006C04BB /* Images.xcassets */; };
		5E807CA018F40E12006C04BB /* XCTest.framework in Frameworks */ = {isa = PBXBuildFile; fileRef = 5E807C9F18F40E12006C04BB /* XCTest.framework */; };
		5E807CA118F40E12006C04BB /* Foundation.framework in Frameworks */ = {isa = PBXBuildFile; fileRef = 5E807C7D18F40E12006C04BB /* Foundation.framework */; };
		5E807CA218F40E12006C04BB /* UIKit.framework in Frameworks */ = {isa = PBXBuildFile; fileRef = 5E807C8118F40E12006C04BB /* UIKit.framework */; };
		5E807CAA18F40E12006C04BB /* InfoPlist.strings in Resources */ = {isa = PBXBuildFile; fileRef = 5E807CA818F40E12006C04BB /* InfoPlist.strings */; };
		5E807CAC18F40E12006C04BB /* ReuseUISampleTests.m in Sources */ = {isa = PBXBuildFile; fileRef = 5E807CAB18F40E12006C04BB /* ReuseUISampleTests.m */; };
/* End PBXBuildFile section */

/* Begin PBXContainerItemProxy section */
		5E807CA318F40E12006C04BB /* PBXContainerItemProxy */ = {
			isa = PBXContainerItemProxy;
			containerPortal = 5E807C7218F40E12006C04BB /* Project object */;
			proxyType = 1;
			remoteGlobalIDString = 5E807C7918F40E12006C04BB;
			remoteInfo = ReuseUISample;
		};
/* End PBXContainerItemProxy section */

/* Begin PBXFileReference section */
		5E807C7A18F40E12006C04BB /* ReuseUISample.app */ = {isa = PBXFileReference; explicitFileType = wrapper.application; includeInIndex = 0; path = ReuseUISample.app; sourceTree = BUILT_PRODUCTS_DIR; };
		5E807C7D18F40E12006C04BB /* Foundation.framework */ = {isa = PBXFileReference; lastKnownFileType = wrapper.framework; name = Foundation.framework; path = System/Library/Frameworks/Foundation.framework; sourceTree = SDKROOT; };
		5E807C7F18F40E12006C04BB /* CoreGraphics.framework */ = {isa = PBXFileReference; lastKnownFileType = wrapper.framework; name = CoreGraphics.framework; path = System/Library/Frameworks/CoreGraphics.framework; sourceTree = SDKROOT; };
		5E807C8118F40E12006C04BB /* UIKit.framework */ = {isa = PBXFileReference; lastKnownFileType = wrapper.framework; name = UIKit.framework; path = System/Library/Frameworks/UIKit.framework; sourceTree = SDKROOT; };
		5E807C8518F40E12006C04BB /* ReuseUISample-Info.plist */ = {isa = PBXFileReference; lastKnownFileType = text.plist.xml; path = "ReuseUISample-Info.plist"; sourceTree = "<group>"; };
		5E807C8718F40E12006C04BB /* en */ = {isa = PBXFileReference; lastKnownFileType = text.plist.strings; name = en; path = en.lproj/InfoPlist.strings; sourceTree = "<group>"; };
		5E807C8918F40E12006C04BB /* main.m */ = {isa = PBXFileReference; lastKnownFileType = sourcecode.c.objc; path = main.m; sourceTree = "<group>"; };
		5E807C8B18F40E12006C04BB /* ReuseUISample-Prefix.pch */ = {isa = PBXFileReference; lastKnownFileType = sourcecode.c.h; path = "ReuseUISample-Prefix.pch"; sourceTree = "<group>"; };
		5E807C8C18F40E12006C04BB /* AppDelegate.h */ = {isa = PBXFileReference; lastKnownFileType = sourcecode.c.h; path = AppDelegate.h; sourceTree = "<group>"; };
		5E807C8D18F40E12006C04BB /* AppDelegate.m */ = {isa = PBXFileReference; lastKnownFileType = sourcecode.c.objc; path = AppDelegate.m; sourceTree = "<group>"; };
		5E807C9018F40E12006C04BB /* Base */ = {isa = PBXFileReference; lastKnownFileType = file.storyboard; name = Base; path = Base.lproj/Main.storyboard; sourceTree = "<group>"; };
		5E807C9218F40E12006C04BB /* FirstViewController.h */ = {isa = PBXFileReference; lastKnownFileType = sourcecode.c.h; path = FirstViewController.h; sourceTree = "<group>"; };
		5E807C9318F40E12006C04BB /* FirstViewController.m */ = {isa = PBXFileReference; lastKnownFileType = sourcecode.c.objc; path = FirstViewController.m; sourceTree = "<group>"; };
		5E807C9518F40E12006C04BB /* SecondViewController.h */ = {isa = PBXFileReference; lastKnownFileType = sourcecode.c.h; path = SecondViewController.h; sourceTree = "<group>"; };
		5E807C9618F40E12006C04BB /* SecondViewController.m */ = {isa = PBXFileReference; lastKnownFileType = sourcecode.c.objc; path = SecondViewController.m; sourceTree = "<group>"; };
		5E807C9818F40E12006C04BB /* Images.xcassets */ = {isa = PBXFileReference; lastKnownFileType = folder.assetcatalog; path = Images.xcassets; sourceTree = "<group>"; };
		5E807C9E18F40E12006C04BB /* ReuseUISampleTests.xctest */ = {isa = PBXFileReference; explicitFileType = wrapper.cfbundle; includeInIndex = 0; path = ReuseUISampleTests.xctest; sourceTree = BUILT_PRODUCTS_DIR; };
		5E807C9F18F40E12006C04BB /* XCTest.framework */ = {isa = PBXFileReference; lastKnownFileType = wrapper.framework; name = XCTest.framework; path = Library/Frameworks/XCTest.framework; sourceTree = DEVELOPER_DIR; };
		5E807CA718F40E12006C04BB /* ReuseUISampleTests-Info.plist */ = {isa = PBXFileReference; lastKnownFileType = text.plist.xml; path = "ReuseUISampleTests-Info.plist"; sourceTree = "<group>"; };
		5E807CA918F40E12006C04BB /* en */ = {isa = PBXFileReference; lastKnownFileType = text.plist.strings; name = en; path = en.lproj/InfoPlist.strings; sourceTree = "<group>"; };
		5E807CAB18F40E12006C04BB /* ReuseUISampleTests.m */ = {isa = PBXFileReference; lastKnownFileType = sourcecode.c.objc; path = ReuseUISampleTests.m; sourceTree = "<group>"; };
/* End PBXFileReference section */

/* Begin PBXFrameworksBuildPhase section */
		5E807C7718F40E12006C04BB /* Frameworks */ = {
			isa = PBXFrameworksBuildPhase;
			buildActionMask = 2147483647;
			files = (
				5E807C8018F40E12006C04BB /* CoreGraphics.framework in Frameworks */,
				5E807C8218F40E12006C04BB /* UIKit.framework in Frameworks */,
				5E807C7E18F40E12006C04BB /* Foundation.framework in Frameworks */,
			);
			runOnlyForDeploymentPostprocessing = 0;
		};
		5E807C9B18F40E12006C04BB /* Frameworks */ = {
			isa = PBXFrameworksBuildPhase;
			buildActionMask = 2147483647;
			files = (
				5E807CA018F40E12006C04BB /* XCTest.framework in Frameworks */,
				5E807CA218F40E12006C04BB /* UIKit.framework in Frameworks */,
				5E807CA118F40E12006C04BB /* Foundation.framework in Frameworks */,
			);
			runOnlyForDeploymentPostprocessing = 0;
		};
/* End PBXFrameworksBuildPhase section */

/* Begin PBXGroup section */
		5E807C7118F40E12006C04BB = {
			isa = PBXGroup;
			children = (
				5E807C8318F40E12006C04BB /* ReuseUISample */,
				5E807CA518F40E12006C04BB /* ReuseUISampleTests */,
				5E807C7C18F40E12006C04BB /* Frameworks */,
				5E807C7B18F40E12006C04BB /* Products */,
			);
			sourceTree = "<group>";
		};
		5E807C7B18F40E12006C04BB /* Products */ = {
			isa = PBXGroup;
			children = (
				5E807C7A18F40E12006C04BB /* ReuseUISample.app */,
				5E807C9E18F40E12006C04BB /* ReuseUISampleTests.xctest */,
			);
			name = Products;
			sourceTree = "<group>";
		};
		5E807C7C18F40E12006C04BB /* Frameworks */ = {
			isa = PBXGroup;
			children = (
				5E807C7D18F40E12006C04BB /* Foundation.framework */,
				5E807C7F18F40E12006C04BB /* CoreGraphics.framework */,
				5E807C8118F40E12006C04BB /* UIKit.framework */,
				5E807C9F18F40E12006C04BB /* XCTest.framework */,
			);
			name = Frameworks;
			sourceTree = "<group>";
		};
		5E807C8318F40E12006C04BB /* ReuseUISample */ = {
			isa = PBXGroup;
			children = (
				5E807C8C18F40E12006C04BB /* AppDelegate.h */,
				5E807C8D18F40E12006C04BB /* AppDelegate.m */,
				5E807C8F18F40E12006C04BB /* Main.storyboard */,
				5E807C9218F40E12006C04BB /* FirstViewController.h */,
				5E807C9318F40E12006C04BB /* FirstViewController.m */,
				5E807C9518F40E12006C04BB /* SecondViewController.h */,
				5E807C9618F40E12006C04BB /* SecondViewController.m */,
				5E807C9818F40E12006C04BB /* Images.xcassets */,
				5E807C8418F40E12006C04BB /* Supporting Files */,
			);
			path = ReuseUISample;
			sourceTree = "<group>";
		};
		5E807C8418F40E12006C04BB /* Supporting Files */ = {
			isa = PBXGroup;
			children = (
				5E807C8518F40E12006C04BB /* ReuseUISample-Info.plist */,
				5E807C8618F40E12006C04BB /* InfoPlist.strings */,
				5E807C8918F40E12006C04BB /* main.m */,
				5E807C8B18F40E12006C04BB /* ReuseUISample-Prefix.pch */,
			);
			name = "Supporting Files";
			sourceTree = "<group>";
		};
		5E807CA518F40E12006C04BB /* ReuseUISampleTests */ = {
			isa = PBXGroup;
			children = (
				5E807CAB18F40E12006C04BB /* ReuseUISampleTests.m */,
				5E807CA618F40E12006C04BB /* Supporting Files */,
			);
			path = ReuseUISampleTests;
			sourceTree = "<group>";
		};
		5E807CA618F40E12006C04BB /* Supporting Files */ = {
			isa = PBXGroup;
			children = (
				5E807CA718F40E12006C04BB /* ReuseUISampleTests-Info.plist */,
				5E807CA818F40E12006C04BB /* InfoPlist.strings */,
			);
			name = "Supporting Files";
			sourceTree = "<group>";
		};
/* End PBXGroup section */

/* Begin PBXNativeTarget section */
		5E807C7918F40E12006C04BB /* ReuseUISample */ = {
			isa = PBXNativeTarget;
			buildConfigurationList = 5E807CAF18F40E12006C04BB /* Build configuration list for PBXNativeTarget "ReuseUISample" */;
			buildPhases = (
				5E807C7618F40E12006C04BB /* Sources */,
				5E807C7718F40E12006C04BB /* Frameworks */,
				5E807C7818F40E12006C04BB /* Resources */,
			);
			buildRules = (
			);
			dependencies = (
			);
			name = ReuseUISample;
			productName = ReuseUISample;
			productReference = 5E807C7A18F40E12006C04BB /* ReuseUISample.app */;
			productType = "com.apple.product-type.application";
		};
		5E807C9D18F40E12006C04BB /* ReuseUISampleTests */ = {
			isa = PBXNativeTarget;
			buildConfigurationList = 5E807CB218F40E12006C04BB /* Build configuration list for PBXNativeTarget "ReuseUISampleTests" */;
			buildPhases = (
				5E807C9A18F40E12006C04BB /* Sources */,
				5E807C9B18F40E12006C04BB /* Frameworks */,
				5E807C9C18F40E12006C04BB /* Resources */,
			);
			buildRules = (
			);
			dependencies = (
				5E807CA418F40E12006C04BB /* PBXTargetDependency */,
			);
			name = ReuseUISampleTests;
			productName = ReuseUISampleTests;
			productReference = 5E807C9E18F40E12006C04BB /* ReuseUISampleTests.xctest */;
			productType = "com.apple.product-type.bundle.unit-test";
		};
/* End PBXNativeTarget section */

/* Begin PBXProject section */
		5E807C7218F40E12006C04BB /* Project object */ = {
			isa = PBXProject;
			attributes = {
				LastUpgradeCheck = 0510;
				ORGANIZATIONNAME = masaki.fuke;
				TargetAttributes = {
					5E807C9D18F40E12006C04BB = {
						TestTargetID = 5E807C7918F40E12006C04BB;
					};
				};
			};
			buildConfigurationList = 5E807C7518F40E12006C04BB /* Build configuration list for PBXProject "ReuseUISample" */;
			compatibilityVersion = "Xcode 3.2";
			developmentRegion = English;
			hasScannedForEncodings = 0;
			knownRegions = (
				en,
				Base,
			);
			mainGroup = 5E807C7118F40E12006C04BB;
			productRefGroup = 5E807C7B18F40E12006C04BB /* Products */;
			projectDirPath = "";
			projectRoot = "";
			targets = (
				5E807C7918F40E12006C04BB /* ReuseUISample */,
				5E807C9D18F40E12006C04BB /* ReuseUISampleTests */,
			);
		};
/* End PBXProject section */

/* Begin PBXResourcesBuildPhase section */
		5E807C7818F40E12006C04BB /* Resources */ = {
			isa = PBXResourcesBuildPhase;
			buildActionMask = 2147483647;
			files = (
				5E807C9918F40E12006C04BB /* Images.xcassets in Resources */,
				5E807C8818F40E12006C04BB /* InfoPlist.strings in Resources */,
				5E807C9118F40E12006C04BB /* Main.storyboard in Resources */,
			);
			runOnlyForDeploymentPostprocessing = 0;
		};
		5E807C9C18F40E12006C04BB /* Resources */ = {
			isa = PBXResourcesBuildPhase;
			buildActionMask = 2147483647;
			files = (
				5E807CAA18F40E12006C04BB /* InfoPlist.strings in Resources */,
			);
			runOnlyForDeploymentPostprocessing = 0;
		};
/* End PBXResourcesBuildPhase section */

/* Begin PBXSourcesBuildPhase section */
		5E807C7618F40E12006C04BB /* Sources */ = {
			isa = PBXSourcesBuildPhase;
			buildActionMask = 2147483647;
			files = (
				5E807C9718F40E12006C04BB /* SecondViewController.m in Sources */,
				5E807C8E18F40E12006C04BB /* AppDelegate.m in Sources */,
				5E807C9418F40E12006C04BB /* FirstViewController.m in Sources */,
				5E807C8A18F40E12006C04BB /* main.m in Sources */,
			);
			runOnlyForDeploymentPostprocessing = 0;
		};
		5E807C9A18F40E12006C04BB /* Sources */ = {
			isa = PBXSourcesBuildPhase;
			buildActionMask = 2147483647;
			files = (
				5E807CAC18F40E12006C04BB /* ReuseUISampleTests.m in Sources */,
			);
			runOnlyForDeploymentPostprocessing = 0;
		};
/* End PBXSourcesBuildPhase section */

/* Begin PBXTargetDependency section */
		5E807CA418F40E12006C04BB /* PBXTargetDependency */ = {
			isa = PBXTargetDependency;
			target = 5E807C7918F40E12006C04BB /* ReuseUISample */;
			targetProxy = 5E807CA318F40E12006C04BB /* PBXContainerItemProxy */;
		};
/* End PBXTargetDependency section */

/* Begin PBXVariantGroup section */
		5E807C8618F40E12006C04BB /* InfoPlist.strings */ = {
			isa = PBXVariantGroup;
			children = (
				5E807C8718F40E12006C04BB /* en */,
			);
			name = InfoPlist.strings;
			sourceTree = "<group>";
		};
		5E807C8F18F40E12006C04BB /* Main.storyboard */ = {
			isa = PBXVariantGroup;
			children = (
				5E807C9018F40E12006C04BB /* Base */,
			);
			name = Main.storyboard;
			sourceTree = "<group>";
		};
		5E807CA818F40E12006C04BB /* InfoPlist.strings */ = {
			isa = PBXVariantGroup;
			children = (
				5E807CA918F40E12006C04BB /* en */,
			);
			name = InfoPlist.strings;
			sourceTree = "<group>";
		};
/* End PBXVariantGroup section */

/* Begin XCBuildConfiguration section */
		5E807CAD18F40E12006C04BB /* Debug */ = {
			isa = XCBuildConfiguration;
			buildSettings = {
				ALWAYS_SEARCH_USER_PATHS = NO;
				CLANG_CXX_LANGUAGE_STANDARD = "gnu++0x";
				CLANG_CXX_LIBRARY = "libc++";
				CLANG_ENABLE_MODULES = YES;
				CLANG_ENABLE_OBJC_ARC = YES;
				CLANG_WARN_BOOL_CONVERSION = YES;
				CLANG_WARN_CONSTANT_CONVERSION = YES;
				CLANG_WARN_DIRECT_OBJC_ISA_USAGE = YES_ERROR;
				CLANG_WARN_EMPTY_BODY = YES;
				CLANG_WARN_ENUM_CONVERSION = YES;
				CLANG_WARN_INT_CONVERSION = YES;
				CLANG_WARN_OBJC_ROOT_CLASS = YES_ERROR;
				CLANG_WARN__DUPLICATE_METHOD_MATCH = YES;
				"CODE_SIGN_IDENTITY[sdk=iphoneos*]" = "iPhone Developer";
				COPY_PHASE_STRIP = NO;
				GCC_C_LANGUAGE_STANDARD = gnu99;
				GCC_DYNAMIC_NO_PIC = NO;
				GCC_OPTIMIZATION_LEVEL = 0;
				GCC_PREPROCESSOR_DEFINITIONS = (
					"DEBUG=1",
					"$(inherited)",
				);
				GCC_SYMBOLS_PRIVATE_EXTERN = NO;
				GCC_WARN_64_TO_32_BIT_CONVERSION = YES;
				GCC_WARN_ABOUT_RETURN_TYPE = YES_ERROR;
				GCC_WARN_UNDECLARED_SELECTOR = YES;
				GCC_WARN_UNINITIALIZED_AUTOS = YES_AGGRESSIVE;
				GCC_WARN_UNUSED_FUNCTION = YES;
				GCC_WARN_UNUSED_VARIABLE = YES;
				IPHONEOS_DEPLOYMENT_TARGET = 7.1;
				ONLY_ACTIVE_ARCH = YES;
				SDKROOT = iphoneos;
			};
			name = Debug;
		};
		5E807CAE18F40E12006C04BB /* Release */ = {
			isa = XCBuildConfiguration;
			buildSettings = {
				ALWAYS_SEARCH_USER_PATHS = NO;
				CLANG_CXX_LANGUAGE_STANDARD = "gnu++0x";
				CLANG_CXX_LIBRARY = "libc++";
				CLANG_ENABLE_MODULES = YES;
				CLANG_ENABLE_OBJC_ARC = YES;
				CLANG_WARN_BOOL_CONVERSION = YES;
				CLANG_WARN_CONSTANT_CONVERSION = YES;
				CLANG_WARN_DIRECT_OBJC_ISA_USAGE = YES_ERROR;
				CLANG_WARN_EMPTY_BODY = YES;
				CLANG_WARN_ENUM_CONVERSION = YES;
				CLANG_WARN_INT_CONVERSION = YES;
				CLANG_WARN_OBJC_ROOT_CLASS = YES_ERROR;
				CLANG_WARN__DUPLICATE_METHOD_MATCH = YES;
				"CODE_SIGN_IDENTITY[sdk=iphoneos*]" = "iPhone Developer";
				COPY_PHASE_STRIP = YES;
				ENABLE_NS_ASSERTIONS = NO;
				GCC_C_LANGUAGE_STANDARD = gnu99;
				GCC_WARN_64_TO_32_BIT_CONVERSION = YES;
				GCC_WARN_ABOUT_RETURN_TYPE = YES_ERROR;
				GCC_WARN_UNDECLARED_SELECTOR = YES;
				GCC_WARN_UNINITIALIZED_AUTOS = YES_AGGRESSIVE;
				GCC_WARN_UNUSED_FUNCTION = YES;
				GCC_WARN_UNUSED_VARIABLE = YES;
				IPHONEOS_DEPLOYMENT_TARGET = 7.1;
				SDKROOT = iphoneos;
				VALIDATE_PRODUCT = YES;
			};
			name = Release;
		};
		5E807CB018F40E12006C04BB /* Debug */ = {
			isa = XCBuildConfiguration;
			buildSettings = {
				ASSETCATALOG_COMPILER_APPICON_NAME = AppIcon;
				ASSETCATALOG_COMPILER_LAUNCHIMAGE_NAME = LaunchImage;
				GCC_PRECOMPILE_PREFIX_HEADER = YES;
				GCC_PREFIX_HEADER = "ReuseUISample/ReuseUISample-Prefix.pch";
				INFOPLIST_FILE = "ReuseUISample/ReuseUISample-Info.plist";
				PRODUCT_NAME = "$(TARGET_NAME)";
				WRAPPER_EXTENSION = app;
			};
			name = Debug;
		};
		5E807CB118F40E12006C04BB /* Release */ = {
			isa = XCBuildConfiguration;
			buildSettings = {
				ASSETCATALOG_COMPILER_APPICON_NAME = AppIcon;
				ASSETCATALOG_COMPILER_LAUNCHIMAGE_NAME = LaunchImage;
				GCC_PRECOMPILE_PREFIX_HEADER = YES;
				GCC_PREFIX_HEADER = "ReuseUISample/ReuseUISample-Prefix.pch";
				INFOPLIST_FILE = "ReuseUISample/ReuseUISample-Info.plist";
				PRODUCT_NAME = "$(TARGET_NAME)";
				WRAPPER_EXTENSION = app;
			};
			name = Release;
		};
		5E807CB318F40E12006C04BB /* Debug */ = {
			isa = XCBuildConfiguration;
			buildSettings = {
				BUNDLE_LOADER = "$(BUILT_PRODUCTS_DIR)/ReuseUISample.app/ReuseUISample";
				FRAMEWORK_SEARCH_PATHS = (
					"$(SDKROOT)/Developer/Library/Frameworks",
					"$(inherited)",
					"$(DEVELOPER_FRAMEWORKS_DIR)",
				);
				GCC_PRECOMPILE_PREFIX_HEADER = YES;
				GCC_PREFIX_HEADER = "ReuseUISample/ReuseUISample-Prefix.pch";
				GCC_PREPROCESSOR_DEFINITIONS = (
					"DEBUG=1",
					"$(inherited)",
				);
				INFOPLIST_FILE = "ReuseUISampleTests/ReuseUISampleTests-Info.plist";
				PRODUCT_NAME = "$(TARGET_NAME)";
				TEST_HOST = "$(BUNDLE_LOADER)";
				WRAPPER_EXTENSION = xctest;
			};
			name = Debug;
		};
		5E807CB418F40E12006C04BB /* Release */ = {
			isa = XCBuildConfiguration;
			buildSettings = {
				BUNDLE_LOADER = "$(BUILT_PRODUCTS_DIR)/ReuseUISample.app/ReuseUISample";
				FRAMEWORK_SEARCH_PATHS = (
					"$(SDKROOT)/Developer/Library/Frameworks",
					"$(inherited)",
					"$(DEVELOPER_FRAMEWORKS_DIR)",
				);
				GCC_PRECOMPILE_PREFIX_HEADER = YES;
				GCC_PREFIX_HEADER = "ReuseUISample/ReuseUISample-Prefix.pch";
				INFOPLIST_FILE = "ReuseUISampleTests/ReuseUISampleTests-Info.plist";
				PRODUCT_NAME = "$(TARGET_NAME)";
				TEST_HOST = "$(BUNDLE_LOADER)";
				WRAPPER_EXTENSION = xctest;
			};
			name = Release;
		};
/* End XCBuildConfiguration section */

/* Begin XCConfigurationList section */
		5E807C7518F40E12006C04BB /* Build configuration list for PBXProject "ReuseUISample" */ = {
			isa = XCConfigurationList;
			buildConfigurations = (
				5E807CAD18F40E12006C04BB /* Debug */,
				5E807CAE18F40E12006C04BB /* Release */,
			);
			defaultConfigurationIsVisible = 0;
			defaultConfigurationName = Release;
		};
		5E807CAF18F40E12006C04BB /* Build configuration list for PBXNativeTarget "ReuseUISample" */ = {
			isa = XCConfigurationList;
			buildConfigurations = (
				5E807CB018F40E12006C04BB /* Debug */,
				5E807CB118F40E12006C04BB /* Release */,
			);
			defaultConfigurationIsVisible = 0;
		};
		5E807CB218F40E12006C04BB /* Build configuration list for PBXNativeTarget "ReuseUISampleTests" */ = {
			isa = XCConfigurationList;
			buildConfigurations = (
				5E807CB318F40E12006C04BB /* Debug */,
				5E807CB418F40E12006C04BB /* Release */,
			);
			defaultConfigurationIsVisible = 0;
		};
/* End XCConfigurationList section */
	};
	rootObject = 5E807C7218F40E12006C04BB /* Project object */;
}
